
Microsoft Visual Studio Solution File, Format Version 12.00
# Visual Studio Version 16
VisualStudioVersion = 25.0.1705.0
MinimumVisualStudioVersion = 10.0.40219.1
Project("{FAE04EC0-301F-11D3-BF4B-00C04F79EFBC}") = "RGIS_IvancicBencak", "RGIS_IvancicBencak\RGIS_IvancicBencak.csproj", "{D1626AE0-B957-4746-97DE-C765AA0E933A}"
EndProject
Global
	GlobalSection(SolutionConfigurationPlatforms) = preSolution
		Debug|Any CPU = Debug|Any CPU
		Release|Any CPU = Release|Any CPU
	EndGlobalSection
	GlobalSection(ProjectConfigurationPlatforms) = postSolution
		{D1626AE0-B957-4746-97DE-C765AA0E933A}.Debug|Any CPU.ActiveCfg = Debug|Any CPU
		{D1626AE0-B957-4746-97DE-C765AA0E933A}.Debug|Any CPU.Build.0 = Debug|Any CPU
		{D1626AE0-B957-4746-97DE-C765AA0E933A}.Release|Any CPU.ActiveCfg = Release|Any CPU
		{D1626AE0-B957-4746-97DE-C765AA0E933A}.Release|Any CPU.Build.0 = Release|Any CPU
	EndGlobalSection
	GlobalSection(SolutionProperties) = preSolution
		HideSolutionNode = FALSE
	EndGlobalSection
	GlobalSection(ExtensibilityGlobals) = postSolution
		SolutionGuid = {95B31C53-A5C1-4301-8E72-ACC4A2A9E15D}
	EndGlobalSection
EndGlobal
